sDtHEbxfcyYPzGjVOAgSS9tQ5DISnhYq0l/hXmtoa1kXMafn6hoIpQ9U8YO+Wv40BfU4Welp05jMesbteUayi1FJ90hi5xyze5jfbneGQEkJR7At49q3gAQ+CC2c+ZjXgB9QDBXe+X0g3jA/8QC+Rp1c0+UALYJ19Eix95GFXJ5JMlMKNjsBcI+4Gq8vIjf5rlEMpRJhFgpDsZI++M2L+/0xu5TSJEIH7WjSON0rR10bOoxTU36Oqgv7kxTshHHwjIrhRv8Ys8MJT9jxO/h43HCUG5i4evVHNYG4AbI8DfISepM0DGWkS/KvACVw7I1I6LhDUan6FnsI67QWl3hoPh0Ae6UzUkRpUGN7IhO4GN1EgjBX+L+QbrR/RlNcHqdeVt3NQGpzBnOh+rPfJqyFJF+nze59NE5WtocUamq5EJLSK90BJljptiw0oK0tQfxAGpZJX2ljrK8UdeDcqqFZKI0jJfsgBZ9JgfiOADPWpGK1sWl1Hl/1dzNuMYoOEhRGPrc2